
Microsoft Visual Studio Solution File, Format Version 12.00
# Visual Studio Version 17
VisualStudioVersion = 17.0.31903.59
MinimumVisualStudioVersion = 10.0.40219.1
Project("{9A19103F-16F7-4668-BE54-9A1E7A4F7556}") = "FlorAmor.Webapp", "FlorAmor.Webapp\FlorAmor.Webapp.csproj", "{93A48D2B-E8B1-4AC7-90C2-2F51D4D2108A}"
EndProject
Project("{9A19103F-16F7-4668-BE54-9A1E7A4F7556}") = "FlorAmor.Application", "FlorAmor.Application\FlorAmor.Application.csproj", "{9E9569E3-82A8-459E-86F5-F70DFF715A6A}"
EndProject
Project("{9A19103F-16F7-4668-BE54-9A1E7A4F7556}") = "FlorAmor.Test", "FlorAmor.Test\FlorAmor.Test.csproj", "{51BC3D85-54F8-4DEB-9573-1833B8E754E1}"
EndProject
Global
	GlobalSection(SolutionConfigurationPlatforms) = preSolution
		Debug|Any CPU = Debug|Any CPU
		Release|Any CPU = Release|Any CPU
	EndGlobalSection
	GlobalSection(ProjectConfigurationPlatforms) = postSolution
		{93A48D2B-E8B1-4AC7-90C2-2F51D4D2108A}.Debug|Any CPU.ActiveCfg = Debug|Any CPU
		{93A48D2B-E8B1-4AC7-90C2-2F51D4D2108A}.Debug|Any CPU.Build.0 = Debug|Any CPU
		{93A48D2B-E8B1-4AC7-90C2-2F51D4D2108A}.Release|Any CPU.ActiveCfg = Release|Any CPU
		{93A48D2B-E8B1-4AC7-90C2-2F51D4D2108A}.Release|Any CPU.Build.0 = Release|Any CPU
		{9E9569E3-82A8-459E-86F5-F70DFF715A6A}.Debug|Any CPU.ActiveCfg = Debug|Any CPU
		{9E9569E3-82A8-459E-86F5-F70DFF715A6A}.Debug|Any CPU.Build.0 = Debug|Any CPU
		{9E9569E3-82A8-459E-86F5-F70DFF715A6A}.Release|Any CPU.ActiveCfg = Release|Any CPU
		{9E9569E3-82A8-459E-86F5-F70DFF715A6A}.Release|Any CPU.Build.0 = Release|Any CPU
		{51BC3D85-54F8-4DEB-9573-1833B8E754E1}.Debug|Any CPU.ActiveCfg = Debug|Any CPU
		{51BC3D85-54F8-4DEB-9573-1833B8E754E1}.Debug|Any CPU.Build.0 = Debug|Any CPU
		{51BC3D85-54F8-4DEB-9573-1833B8E754E1}.Release|Any CPU.ActiveCfg = Release|Any CPU
		{51BC3D85-54F8-4DEB-9573-1833B8E754E1}.Release|Any CPU.Build.0 = Release|Any CPU
	EndGlobalSection
	GlobalSection(SolutionProperties) = preSolution
		HideSolutionNode = FALSE
	EndGlobalSection
	GlobalSection(ExtensibilityGlobals) = postSolution
		SolutionGuid = {06DDFE4A-95CC-4410-974A-80B309711943}
	EndGlobalSection
EndGlobal
